
Microsoft Visual Studio Solution File, Format Version 12.00
# Visual Studio Version 16
VisualStudioVersion = 16.0.31911.196
MinimumVisualStudioVersion = 10.0.40219.1
Project("{FAE04EC0-301F-11D3-BF4B-00C04F79EFBC}") = "A.NTask1", "A.NTask1\A.NTask1.csproj", "{E38D49C3-6A8E-4FAF-A068-FA158D5E51EA}"
EndProject
Global
	GlobalSection(SolutionConfigurationPlatforms) = preSolution
		Debug|Any CPU = Debug|Any CPU
		Release|Any CPU = Release|Any CPU
	EndGlobalSection
	GlobalSection(ProjectConfigurationPlatforms) = postSolution
		{E38D49C3-6A8E-4FAF-A068-FA158D5E51EA}.Debug|Any CPU.ActiveCfg = Debug|Any CPU
		{E38D49C3-6A8E-4FAF-A068-FA158D5E51EA}.Debug|Any CPU.Build.0 = Debug|Any CPU
		{E38D49C3-6A8E-4FAF-A068-FA158D5E51EA}.Release|Any CPU.ActiveCfg = Release|Any CPU
		{E38D49C3-6A8E-4FAF-A068-FA158D5E51EA}.Release|Any CPU.Build.0 = Release|Any CPU
	EndGlobalSection
	GlobalSection(SolutionProperties) = preSolution
		HideSolutionNode = FALSE
	EndGlobalSection
	GlobalSection(ExtensibilityGlobals) = postSolution
		SolutionGuid = {3BCB9DED-B7D9-4F58-90B7-4F56D46F61FB}
	EndGlobalSection
EndGlobal
